{
  "requires": true,
  "lockfileVersion": 1,
  "dependencies": {
    "eruda": {
      "version": "2.4.1",
      "resolved": "https://registry.npm.taobao.org/eruda/download/eruda-2.4.1.tgz",
      "integrity": "sha1-3tybeFRv64J9bMr7/X2uSAUJ0qI="
    },
    "vue": {
      "version": "2.6.12",
      "resolved": "https://registry.npm.taobao.org/vue/download/vue-2.6.12.tgz",
      "integrity": "sha1-9evU+mvShpQD4pqJau1JBEVskSM="
    }
  }
}
